// !$*UTF8*$!
{
	archiveVersion = 1;
	classes = {
	};
	objectVersion = 56;
	objects = {

/* Begin PBXBuildFile section */
		0DBD35CDE3C664ADCC8D6C1E /* Pods_ToDooey.framework in Frameworks */ = {isa = PBXBuildFile; fileRef = 3BE0AC87373C14D070D04343 /* Pods_ToDooey.framework */; };
		F42F5A9E2980135700B303D6 /* AppDelegate.swift in Sources */ = {isa = PBXBuildFile; fileRef = F42F5A9D2980135700B303D6 /* AppDelegate.swift */; };
		F42F5AA02980135700B303D6 /* SceneDelegate.swift in Sources */ = {isa = PBXBuildFile; fileRef = F42F5A9F2980135700B303D6 /* SceneDelegate.swift */; };
		F42F5AA22980135700B303D6 /* ViewController.swift in Sources */ = {isa = PBXBuildFile; fileRef = F42F5AA12980135700B303D6 /* ViewController.swift */; };
		F42F5AA52980135700B303D6 /* Main.storyboard in Resources */ = {isa = PBXBuildFile; fileRef = F42F5AA32980135700B303D6 /* Main.storyboard */; };
		F42F5AA82980135700B303D6 /* ToDooey.xcdatamodeld in Sources */ = {isa = PBXBuildFile; fileRef = F42F5AA62980135700B303D6 /* ToDooey.xcdatamodeld */; };
		F42F5AAA2980135A00B303D6 /* Assets.xcassets in Resources */ = {isa = PBXBuildFile; fileRef = F42F5AA92980135A00B303D6 /* Assets.xcassets */; };
		F42F5AAD2980135A00B303D6 /* LaunchScreen.storyboard in Resources */ = {isa = PBXBuildFile; fileRef = F42F5AAB2980135A00B303D6 /* LaunchScreen.storyboard */; };
		F42F5AB9298015DE00B303D6 /* SplashScreenViewController.swift in Sources */ = {isa = PBXBuildFile; fileRef = F42F5AB8298015DE00B303D6 /* SplashScreenViewController.swift */; };
		F42F5ABD298016DA00B303D6 /* LoginViewController.swift in Sources */ = {isa = PBXBuildFile; fileRef = F42F5ABC298016DA00B303D6 /* LoginViewController.swift */; };
		F42F5AC129801A9C00B303D6 /* UIViewControllerExtensions.swift in Sources */ = {isa = PBXBuildFile; fileRef = F42F5AC029801A9C00B303D6 /* UIViewControllerExtensions.swift */; };
		F42F5AC629801BE300B303D6 /* MyView.swift in Sources */ = {isa = PBXBuildFile; fileRef = F42F5AC529801BE300B303D6 /* MyView.swift */; };
		F42F5AC829801D7D00B303D6 /* MyViewController.swift in Sources */ = {isa = PBXBuildFile; fileRef = F42F5AC729801D7D00B303D6 /* MyViewController.swift */; };
		F42F5ACA29801FB100B303D6 /* MyButton.swift in Sources */ = {isa = PBXBuildFile; fileRef = F42F5AC929801FB100B303D6 /* MyButton.swift */; };
		F42F5ACC298021FC00B303D6 /* MyTextField.swift in Sources */ = {isa = PBXBuildFile; fileRef = F42F5ACB298021FC00B303D6 /* MyTextField.swift */; };
		F42F5ACE2980280700B303D6 /* SignupViewController.swift in Sources */ = {isa = PBXBuildFile; fileRef = F42F5ACD2980280700B303D6 /* SignupViewController.swift */; };
		F42F5AD12980336500B303D6 /* HomeViewController.swift in Sources */ = {isa = PBXBuildFile; fileRef = F42F5AD02980336500B303D6 /* HomeViewController.swift */; };
		F42F5AD3298038C400B303D6 /* HomeModels.swift in Sources */ = {isa = PBXBuildFile; fileRef = F42F5AD2298038C400B303D6 /* HomeModels.swift */; };
		F42F5AD8298039DB00B303D6 /* TodoTableViewCell.swift in Sources */ = {isa = PBXBuildFile; fileRef = F42F5AD6298039DB00B303D6 /* TodoTableViewCell.swift */; };
		F42F5AD9298039DB00B303D6 /* TodoTableViewCell.xib in Resources */ = {isa = PBXBuildFile; fileRef = F42F5AD7298039DB00B303D6 /* TodoTableViewCell.xib */; };
		F42F5ADB29803A1D00B303D6 /* MyTableCell.swift in Sources */ = {isa = PBXBuildFile; fileRef = F42F5ADA29803A1C00B303D6 /* MyTableCell.swift */; };
		F42F5ADE2980463D00B303D6 /* TodoViewController.swift in Sources */ = {isa = PBXBuildFile; fileRef = F42F5ADD2980463D00B303D6 /* TodoViewController.swift */; };
		F42F5AE0298100CC00B303D6 /* MyCheckbox.swift in Sources */ = {isa = PBXBuildFile; fileRef = F42F5ADF298100CC00B303D6 /* MyCheckbox.swift */; };
		F42F5B0529811D4300B303D6 /* DB.swift in Sources */ = {isa = PBXBuildFile; fileRef = F42F5B0429811D4300B303D6 /* DB.swift */; };
		F42F5B0829812CBC00B303D6 /* GoogleService-Info.plist in Resources */ = {isa = PBXBuildFile; fileRef = F42F5B0729812CBB00B303D6 /* GoogleService-Info.plist */; };
		F42F5B0B29813C1F00B303D6 /* FireDB.swift in Sources */ = {isa = PBXBuildFile; fileRef = F42F5B0A29813C1F00B303D6 /* FireDB.swift */; };
		F42F5B0D298163E500B303D6 /* BlurredView.swift in Sources */ = {isa = PBXBuildFile; fileRef = F42F5B0C298163E500B303D6 /* BlurredView.swift */; };
		F42F5B102981642400B303D6 /* UICreator.swift in Sources */ = {isa = PBXBuildFile; fileRef = F42F5B0F2981642400B303D6 /* UICreator.swift */; };
		F42F5B132981690400B303D6 /* loading.json in Resources */ = {isa = PBXBuildFile; fileRef = F42F5B122981690400B303D6 /* loading.json */; };
		F42F5B152981697800B303D6 /* LoginViewModel.swift in Sources */ = {isa = PBXBuildFile; fileRef = F42F5B142981697800B303D6 /* LoginViewModel.swift */; };
		F42F5B17298169DF00B303D6 /* LoginAPIServices.swift in Sources */ = {isa = PBXBuildFile; fileRef = F42F5B16298169DF00B303D6 /* LoginAPIServices.swift */; };
		F42F5B1929816F6000B303D6 /* SignupViewModel.swift in Sources */ = {isa = PBXBuildFile; fileRef = F42F5B1829816F6000B303D6 /* SignupViewModel.swift */; };
		F42F5B1B29816F7700B303D6 /* SignupAPIServices.swift in Sources */ = {isa = PBXBuildFile; fileRef = F42F5B1A29816F7700B303D6 /* SignupAPIServices.swift */; };
		F42F5B1D29817C8E00B303D6 /* UIColorExtension.swift in Sources */ = {isa = PBXBuildFile; fileRef = F42F5B1C29817C8D00B303D6 /* UIColorExtension.swift */; };
		F42F5B1F2981859900B303D6 /* MyTextView.swift in Sources */ = {isa = PBXBuildFile; fileRef = F42F5B1E2981859900B303D6 /* MyTextView.swift */; };
		F4C2A5A629819F7F001A916A /* splash.json in Resources */ = {isa = PBXBuildFile; fileRef = F4C2A5A529819F7E001A916A /* splash.json */; };
		F4C2A5A82981A8E5001A916A /* StringExtensions.swift in Sources */ = {isa = PBXBuildFile; fileRef = F4C2A5A72981A8E4001A916A /* StringExtensions.swift */; };
		F4C2A5AA2981A8EF001A916A /* DateExtensions.swift in Sources */ = {isa = PBXBuildFile; fileRef = F4C2A5A92981A8EF001A916A /* DateExtensions.swift */; };
		F4C2A5AC2981AD35001A916A /* HomeViewModel.swift in Sources */ = {isa = PBXBuildFile; fileRef = F4C2A5AB2981AD34001A916A /* HomeViewModel.swift */; };
		F4C2A5AE2981AD50001A916A /* HomeAPIServices.swift in Sources */ = {isa = PBXBuildFile; fileRef = F4C2A5AD2981AD50001A916A /* HomeAPIServices.swift */; };
		F4C2A5B02981B1CD001A916A /* TodoViewModel.swift in Sources */ = {isa = PBXBuildFile; fileRef = F4C2A5AF2981B1CD001A916A /* TodoViewModel.swift */; };
		F4C2A5B22981B1E0001A916A /* TodoAPIService.swift in Sources */ = {isa = PBXBuildFile; fileRef = F4C2A5B12981B1E0001A916A /* TodoAPIService.swift */; };
		F4C2A5B429824345001A916A /* Reachability.swift in Sources */ = {isa = PBXBuildFile; fileRef = F4C2A5B329824345001A916A /* Reachability.swift */; };
/* End PBXBuildFile section */

/* Begin PBXFileReference section */
		38356466A4E73E5F17353E4C /* Pods-ToDooey.release.xcconfig */ = {isa = PBXFileReference; includeInIndex = 1; lastKnownFileType = text.xcconfig; name = "Pods-ToDooey.release.xcconfig"; path = "Target Support Files/Pods-ToDooey/Pods-ToDooey.release.xcconfig"; sourceTree = "<group>"; };
		3BE0AC87373C14D070D04343 /* Pods_ToDooey.framework */ = {isa = PBXFileReference; explicitFileType = wrapper.framework; includeInIndex = 0; path = Pods_ToDooey.framework; sourceTree = BUILT_PRODUCTS_DIR; };
		C5BDD318B881ECE4373CC5E8 /* Pods-ToDooey.debug.xcconfig */ = {isa = PBXFileReference; includeInIndex = 1; lastKnownFileType = text.xcconfig; name = "Pods-ToDooey.debug.xcconfig"; path = "Target Support Files/Pods-ToDooey/Pods-ToDooey.debug.xcconfig"; sourceTree = "<group>"; };
		F42F5A9A2980135700B303D6 /* ToDooey.app */ = {isa = PBXFileReference; explicitFileType = wrapper.application; includeInIndex = 0; path = ToDooey.app; sourceTree = BUILT_PRODUCTS_DIR; };
		F42F5A9D2980135700B303D6 /* AppDelegate.swift */ = {isa = PBXFileReference; lastKnownFileType = sourcecode.swift; path = AppDelegate.swift; sourceTree = "<group>"; };
		F42F5A9F2980135700B303D6 /* SceneDelegate.swift */ = {isa = PBXFileReference; lastKnownFileType = sourcecode.swift; path = SceneDelegate.swift; sourceTree = "<group>"; };
		F42F5AA12980135700B303D6 /* ViewController.swift */ = {isa = PBXFileReference; lastKnownFileType = sourcecode.swift; path = ViewController.swift; sourceTree = "<group>"; };
		F42F5AA42980135700B303D6 /* Base */ = {isa = PBXFileReference; lastKnownFileType = file.storyboard; name = Base; path = Base.lproj/Main.storyboard; sourceTree = "<group>"; };
		F42F5AA72980135700B303D6 /* ToDooey.xcdatamodel */ = {isa = PBXFileReference; lastKnownFileType = wrapper.xcdatamodel; path = ToDooey.xcdatamodel; sourceTree = "<group>"; };
		F42F5AA92980135A00B303D6 /* Assets.xcassets */ = {isa = PBXFileReference; lastKnownFileType = folder.assetcatalog; path = Assets.xcassets; sourceTree = "<group>"; };
		F42F5AAC2980135A00B303D6 /* Base */ = {isa = PBXFileReference; lastKnownFileType = file.storyboard; name = Base; path = Base.lproj/LaunchScreen.storyboard; sourceTree = "<group>"; };
		F42F5AAE2980135A00B303D6 /* Info.plist */ = {isa = PBXFileReference; lastKnownFileType = text.plist.xml; path = Info.plist; sourceTree = "<group>"; };
		F42F5AB8298015DE00B303D6 /* SplashScreenViewController.swift */ = {isa = PBXFileReference; lastKnownFileType = sourcecode.swift; path = SplashScreenViewController.swift; sourceTree = "<group>"; };
		F42F5ABC298016DA00B303D6 /* LoginViewController.swift */ = {isa = PBXFileReference; lastKnownFileType = sourcecode.swift; path = LoginViewController.swift; sourceTree = "<group>"; };
		F42F5AC029801A9C00B303D6 /* UIViewControllerExtensions.swift */ = {isa = PBXFileReference; lastKnownFileType = sourcecode.swift; path = UIViewControllerExtensions.swift; sourceTree = "<group>"; };
		F42F5AC529801BE300B303D6 /* MyView.swift */ = {isa = PBXFileReference; lastKnownFileType = sourcecode.swift; path = MyView.swift; sourceTree = "<group>"; };
		F42F5AC729801D7D00B303D6 /* MyViewController.swift */ = {isa = PBXFileReference; lastKnownFileType = sourcecode.swift; path = MyViewController.swift; sourceTree = "<group>"; };
		F42F5AC929801FB100B303D6 /* MyButton.swift */ = {isa = PBXFileReference; lastKnownFileType = sourcecode.swift; path = MyButton.swift; sourceTree = "<group>"; };
		F42F5ACB298021FC00B303D6 /* MyTextField.swift */ = {isa = PBXFileReference; lastKnownFileType = sourcecode.swift; path = MyTextField.swift; sourceTree = "<group>"; };
		F42F5ACD2980280700B303D6 /* SignupViewController.swift */ = {isa = PBXFileReference; lastKnownFileType = sourcecode.swift; path = SignupViewController.swift; sourceTree = "<group>"; };
		F42F5AD02980336500B303D6 /* HomeViewController.swift */ = {isa = PBXFileReference; lastKnownFileType = sourcecode.swift; path = HomeViewController.swift; sourceTree = "<group>"; };
		F42F5AD2298038C400B303D6 /* HomeModels.swift */ = {isa = PBXFileReference; lastKnownFileType = sourcecode.swift; path = HomeModels.swift; sourceTree = "<group>"; };
		F42F5AD6298039DB00B303D6 /* TodoTableViewCell.swift */ = {isa = PBXFileReference; lastKnownFileType = sourcecode.swift; path = TodoTableViewCell.swift; sourceTree = "<group>"; };
		F42F5AD7298039DB00B303D6 /* TodoTableViewCell.xib */ = {isa = PBXFileReference; lastKnownFileType = file.xib; path = TodoTableViewCell.xib; sourceTree = "<group>"; };
		F42F5ADA29803A1C00B303D6 /* MyTableCell.swift */ = {isa = PBXFileReference; lastKnownFileType = sourcecode.swift; path = MyTableCell.swift; sourceTree = "<group>"; };
		F42F5ADD2980463D00B303D6 /* TodoViewController.swift */ = {isa = PBXFileReference; lastKnownFileType = sourcecode.swift; path = TodoViewController.swift; sourceTree = "<group>"; };
		F42F5ADF298100CC00B303D6 /* MyCheckbox.swift */ = {isa = PBXFileReference; lastKnownFileType = sourcecode.swift; path = MyCheckbox.swift; sourceTree = "<group>"; };
		F42F5B0429811D4300B303D6 /* DB.swift */ = {isa = PBXFileReference; lastKnownFileType = sourcecode.swift; name = DB.swift; path = "ToDooey/Core Data/DB.swift"; sourceTree = SOURCE_ROOT; };
		F42F5B0729812CBB00B303D6 /* GoogleService-Info.plist */ = {isa = PBXFileReference; fileEncoding = 4; lastKnownFileType = text.plist.xml; path = "GoogleService-Info.plist"; sourceTree = "<group>"; };
		F42F5B0A29813C1F00B303D6 /* FireDB.swift */ = {isa = PBXFileReference; lastKnownFileType = sourcecode.swift; path = FireDB.swift; sourceTree = "<group>"; };
		F42F5B0C298163E500B303D6 /* BlurredView.swift */ = {isa = PBXFileReference; lastKnownFileType = sourcecode.swift; path = BlurredView.swift; sourceTree = "<group>"; };
		F42F5B0F2981642400B303D6 /* UICreator.swift */ = {isa = PBXFileReference; lastKnownFileType = sourcecode.swift; path = UICreator.swift; sourceTree = "<group>"; };
		F42F5B122981690400B303D6 /* loading.json */ = {isa = PBXFileReference; fileEncoding = 4; lastKnownFileType = text.json; path = loading.json; sourceTree = "<group>"; };
		F42F5B142981697800B303D6 /* LoginViewModel.swift */ = {isa = PBXFileReference; lastKnownFileType = sourcecode.swift; path = LoginViewModel.swift; sourceTree = "<group>"; };
		F42F5B16298169DF00B303D6 /* LoginAPIServices.swift */ = {isa = PBXFileReference; lastKnownFileType = sourcecode.swift; path = LoginAPIServices.swift; sourceTree = "<group>"; };
		F42F5B1829816F6000B303D6 /* SignupViewModel.swift */ = {isa = PBXFileReference; lastKnownFileType = sourcecode.swift; path = SignupViewModel.swift; sourceTree = "<group>"; };
		F42F5B1A29816F7700B303D6 /* SignupAPIServices.swift */ = {isa = PBXFileReference; lastKnownFileType = sourcecode.swift; path = SignupAPIServices.swift; sourceTree = "<group>"; };
		F42F5B1C29817C8D00B303D6 /* UIColorExtension.swift */ = {isa = PBXFileReference; lastKnownFileType = sourcecode.swift; path = UIColorExtension.swift; sourceTree = "<group>"; };
		F42F5B1E2981859900B303D6 /* MyTextView.swift */ = {isa = PBXFileReference; lastKnownFileType = sourcecode.swift; path = MyTextView.swift; sourceTree = "<group>"; };
		F4C2A5A529819F7E001A916A /* splash.json */ = {isa = PBXFileReference; fileEncoding = 4; lastKnownFileType = text.json; path = splash.json; sourceTree = "<group>"; };
		F4C2A5A72981A8E4001A916A /* StringExtensions.swift */ = {isa = PBXFileReference; lastKnownFileType = sourcecode.swift; path = StringExtensions.swift; sourceTree = "<group>"; };
		F4C2A5A92981A8EF001A916A /* DateExtensions.swift */ = {isa = PBXFileReference; lastKnownFileType = sourcecode.swift; path = DateExtensions.swift; sourceTree = "<group>"; };
		F4C2A5AB2981AD34001A916A /* HomeViewModel.swift */ = {isa = PBXFileReference; lastKnownFileType = sourcecode.swift; path = HomeViewModel.swift; sourceTree = "<group>"; };
		F4C2A5AD2981AD50001A916A /* HomeAPIServices.swift */ = {isa = PBXFileReference; lastKnownFileType = sourcecode.swift; path = HomeAPIServices.swift; sourceTree = "<group>"; };
		F4C2A5AF2981B1CD001A916A /* TodoViewModel.swift */ = {isa = PBXFileReference; lastKnownFileType = sourcecode.swift; path = TodoViewModel.swift; sourceTree = "<group>"; };
		F4C2A5B12981B1E0001A916A /* TodoAPIService.swift */ = {isa = PBXFileReference; lastKnownFileType = sourcecode.swift; path = TodoAPIService.swift; sourceTree = "<group>"; };
		F4C2A5B329824345001A916A /* Reachability.swift */ = {isa = PBXFileReference; lastKnownFileType = sourcecode.swift; path = Reachability.swift; sourceTree = "<group>"; };
/* End PBXFileReference section */

/* Begin PBXFrameworksBuildPhase section */
		F42F5A972980135700B303D6 /* Frameworks */ = {
			isa = PBXFrameworksBuildPhase;
			buildActionMask = 2147483647;
			files = (
				0DBD35CDE3C664ADCC8D6C1E /* Pods_ToDooey.framework in Frameworks */,
			);
			runOnlyForDeploymentPostprocessing = 0;
		};
/* End PBXFrameworksBuildPhase section */

/* Begin PBXGroup section */
		6F009E92344DBC6E87BFB8A6 /* Pods */ = {
			isa = PBXGroup;
			children = (
				C5BDD318B881ECE4373CC5E8 /* Pods-ToDooey.debug.xcconfig */,
				38356466A4E73E5F17353E4C /* Pods-ToDooey.release.xcconfig */,
			);
			path = Pods;
			sourceTree = "<group>";
		};
		71D26BACAEE651B603A3D4DA /* Frameworks */ = {
			isa = PBXGroup;
			children = (
				3BE0AC87373C14D070D04343 /* Pods_ToDooey.framework */,
			);
			name = Frameworks;
			sourceTree = "<group>";
		};
		F42F5A912980135700B303D6 = {
			isa = PBXGroup;
			children = (
				F42F5A9C2980135700B303D6 /* ToDooey */,
				F42F5A9B2980135700B303D6 /* Products */,
				6F009E92344DBC6E87BFB8A6 /* Pods */,
				71D26BACAEE651B603A3D4DA /* Frameworks */,
			);
			sourceTree = "<group>";
		};
		F42F5A9B2980135700B303D6 /* Products */ = {
			isa = PBXGroup;
			children = (
				F42F5A9A2980135700B303D6 /* ToDooey.app */,
			);
			name = Products;
			sourceTree = "<group>";
		};
		F42F5A9C2980135700B303D6 /* ToDooey */ = {
			isa = PBXGroup;
			children = (
				F42F5B11298168F400B303D6 /* Lottie Animations */,
				F42F5B0929813C1100B303D6 /* Firebase */,
				F42F5B0729812CBB00B303D6 /* GoogleService-Info.plist */,
				F42F5B0629812C5D00B303D6 /* Core Data */,
				F42F5AD4298039B300B303D6 /* Cells */,
				F42F5AB42980159100B303D6 /* Features */,
				F42F5A9D2980135700B303D6 /* AppDelegate.swift */,
				F42F5A9F2980135700B303D6 /* SceneDelegate.swift */,
				F42F5AA12980135700B303D6 /* ViewController.swift */,
				F42F5AA92980135A00B303D6 /* Assets.xcassets */,
				F42F5AA32980135700B303D6 /* Main.storyboard */,
				F42F5AAB2980135A00B303D6 /* LaunchScreen.storyboard */,
				F42F5AAE2980135A00B303D6 /* Info.plist */,
			);
			path = ToDooey;
			sourceTree = "<group>";
		};
		F42F5AB42980159100B303D6 /* Features */ = {
			isa = PBXGroup;
			children = (
				F42F5ADC2980461700B303D6 /* Todo item */,
				F42F5ACF2980335700B303D6 /* Home */,
				F42F5ABE29801A7F00B303D6 /* Core */,
				F42F5AB52980159B00B303D6 /* Splash screen */,
				F42F5AB6298015AD00B303D6 /* Auth */,
			);
			path = Features;
			sourceTree = "<group>";
		};
		F42F5AB52980159B00B303D6 /* Splash screen */ = {
			isa = PBXGroup;
			children = (
				F42F5AB8298015DE00B303D6 /* SplashScreenViewController.swift */,
			);
			path = "Splash screen";
			sourceTree = "<group>";
		};
		F42F5AB6298015AD00B303D6 /* Auth */ = {
			isa = PBXGroup;
			children = (
				F42F5ABB298016C800B303D6 /* Sign up */,
				F42F5ABA298016C200B303D6 /* Login */,
			);
			path = Auth;
			sourceTree = "<group>";
		};
		F42F5ABA298016C200B303D6 /* Login */ = {
			isa = PBXGroup;
			children = (
				F42F5ABC298016DA00B303D6 /* LoginViewController.swift */,
				F42F5B142981697800B303D6 /* LoginViewModel.swift */,
				F42F5B16298169DF00B303D6 /* LoginAPIServices.swift */,
			);
			path = Login;
			sourceTree = "<group>";
		};
		F42F5ABB298016C800B303D6 /* Sign up */ = {
			isa = PBXGroup;
			children = (
				F42F5ACD2980280700B303D6 /* SignupViewController.swift */,
				F42F5B1829816F6000B303D6 /* SignupViewModel.swift */,
				F42F5B1A29816F7700B303D6 /* SignupAPIServices.swift */,
			);
			path = "Sign up";
			sourceTree = "<group>";
		};
		F42F5ABE29801A7F00B303D6 /* Core */ = {
			isa = PBXGroup;
			children = (
				F42F5B0E2981640D00B303D6 /* Utils */,
				F42F5AC429801BD000B303D6 /* Base classes */,
				F42F5ABF29801A8600B303D6 /* Extensions */,
			);
			path = Core;
			sourceTree = "<group>";
		};
		F42F5ABF29801A8600B303D6 /* Extensions */ = {
			isa = PBXGroup;
			children = (
				F42F5AC029801A9C00B303D6 /* UIViewControllerExtensions.swift */,
				F42F5B1C29817C8D00B303D6 /* UIColorExtension.swift */,
				F4C2A5A72981A8E4001A916A /* StringExtensions.swift */,
				F4C2A5A92981A8EF001A916A /* DateExtensions.swift */,
			);
			path = Extensions;
			sourceTree = "<group>";
		};
		F42F5AC429801BD000B303D6 /* Base classes */ = {
			isa = PBXGroup;
			children = (
				F42F5AC529801BE300B303D6 /* MyView.swift */,
				F42F5AC729801D7D00B303D6 /* MyViewController.swift */,
				F42F5AC929801FB100B303D6 /* MyButton.swift */,
				F42F5ACB298021FC00B303D6 /* MyTextField.swift */,
				F42F5ADA29803A1C00B303D6 /* MyTableCell.swift */,
				F42F5ADF298100CC00B303D6 /* MyCheckbox.swift */,
				F42F5B0C298163E500B303D6 /* BlurredView.swift */,
				F42F5B1E2981859900B303D6 /* MyTextView.swift */,
			);
			path = "Base classes";
			sourceTree = "<group>";
		};
		F42F5ACF2980335700B303D6 /* Home */ = {
			isa = PBXGroup;
			children = (
				F42F5AD02980336500B303D6 /* HomeViewController.swift */,
				F42F5AD2298038C400B303D6 /* HomeModels.swift */,
				F4C2A5AB2981AD34001A916A /* HomeViewModel.swift */,
				F4C2A5AD2981AD50001A916A /* HomeAPIServices.swift */,
			);
			path = Home;
			sourceTree = "<group>";
		};
		F42F5AD4298039B300B303D6 /* Cells */ = {
			isa = PBXGroup;
			children = (
				F42F5AD5298039BD00B303D6 /* TodoCell */,
			);
			path = Cells;
			sourceTree = "<group>";
		};
		F42F5AD5298039BD00B303D6 /* TodoCell */ = {
			isa = PBXGroup;
			children = (
				F42F5AD6298039DB00B303D6 /* TodoTableViewCell.swift */,
				F42F5AD7298039DB00B303D6 /* TodoTableViewCell.xib */,
			);
			path = TodoCell;
			sourceTree = "<group>";
		};
		F42F5ADC2980461700B303D6 /* Todo item */ = {
			isa = PBXGroup;
			children = (
				F42F5ADD2980463D00B303D6 /* TodoViewController.swift */,
				F4C2A5AF2981B1CD001A916A /* TodoViewModel.swift */,
				F4C2A5B12981B1E0001A916A /* TodoAPIService.swift */,
			);
			path = "Todo item";
			sourceTree = "<group>";
		};
		F42F5B0629812C5D00B303D6 /* Core Data */ = {
			isa = PBXGroup;
			children = (
				F42F5AA62980135700B303D6 /* ToDooey.xcdatamodeld */,
				F42F5B0429811D4300B303D6 /* DB.swift */,
			);
			path = "Core Data";
			sourceTree = "<group>";
		};
		F42F5B0929813C1100B303D6 /* Firebase */ = {
			isa = PBXGroup;
			children = (
				F42F5B0A29813C1F00B303D6 /* FireDB.swift */,
			);
			path = Firebase;
			sourceTree = "<group>";
		};
		F42F5B0E2981640D00B303D6 /* Utils */ = {
			isa = PBXGroup;
			children = (
				F42F5B0F2981642400B303D6 /* UICreator.swift */,
				F4C2A5B329824345001A916A /* Reachability.swift */,
			);
			path = Utils;
			sourceTree = "<group>";
		};
		F42F5B11298168F400B303D6 /* Lottie Animations */ = {
			isa = PBXGroup;
			children = (
				F4C2A5A529819F7E001A916A /* splash.json */,
				F42F5B122981690400B303D6 /* loading.json */,
			);
			path = "Lottie Animations";
			sourceTree = "<group>";
		};
/* End PBXGroup section */

/* Begin PBXNativeTarget section */
		F42F5A992980135700B303D6 /* ToDooey */ = {
			isa = PBXNativeTarget;
			buildConfigurationList = F42F5AB12980135A00B303D6 /* Build configuration list for PBXNativeTarget "ToDooey" */;
			buildPhases = (
				823C054602FB59808266E6A6 /* [CP] Check Pods Manifest.lock */,
				F42F5A962980135700B303D6 /* Sources */,
				F42F5A972980135700B303D6 /* Frameworks */,
				F42F5A982980135700B303D6 /* Resources */,
				056B8D4F494D82ADE5004A61 /* [CP] Embed Pods Frameworks */,
			);
			buildRules = (
			);
			dependencies = (
			);
			name = ToDooey;
			productName = ToDooey;
			productReference = F42F5A9A2980135700B303D6 /* ToDooey.app */;
			productType = "com.apple.product-type.application";
		};
/* End PBXNativeTarget section */

/* Begin PBXProject section */
		F42F5A922980135700B303D6 /* Project object */ = {
			isa = PBXProject;
			attributes = {
				BuildIndependentTargetsInParallel = 1;
				LastSwiftUpdateCheck = 1420;
				LastUpgradeCheck = 1420;
				TargetAttributes = {
					F42F5A992980135700B303D6 = {
						CreatedOnToolsVersion = 14.2;
					};
				};
			};
			buildConfigurationList = F42F5A952980135700B303D6 /* Build configuration list for PBXProject "ToDooey" */;
			compatibilityVersion = "Xcode 14.0";
			developmentRegion = en;
			hasScannedForEncodings = 0;
			knownRegions = (
				en,
				Base,
			);
			mainGroup = F42F5A912980135700B303D6;
			productRefGroup = F42F5A9B2980135700B303D6 /* Products */;
			projectDirPath = "";
			projectRoot = "";
			targets = (
				F42F5A992980135700B303D6 /* ToDooey */,
			);
		};
/* End PBXProject section */

/* Begin PBXResourcesBuildPhase section */
		F42F5A982980135700B303D6 /* Resources */ = {
			isa = PBXResourcesBuildPhase;
			buildActionMask = 2147483647;
			files = (
				F42F5AAD2980135A00B303D6 /* LaunchScreen.storyboard in Resources */,
				F42F5AAA2980135A00B303D6 /* Assets.xcassets in Resources */,
				F4C2A5A629819F7F001A916A /* splash.json in Resources */,
				F42F5B0829812CBC00B303D6 /* GoogleService-Info.plist in Resources */,
				F42F5B132981690400B303D6 /* loading.json in Resources */,
				F42F5AA52980135700B303D6 /* Main.storyboard in Resources */,
				F42F5AD9298039DB00B303D6 /* TodoTableViewCell.xib in Resources */,
			);
			runOnlyForDeploymentPostprocessing = 0;
		};
/* End PBXResourcesBuildPhase section */

/* Begin PBXShellScriptBuildPhase section */
		056B8D4F494D82ADE5004A61 /* [CP] Embed Pods Frameworks */ = {
			isa = PBXShellScriptBuildPhase;
			buildActionMask = 2147483647;
			files = (
			);
			inputFileListPaths = (
				"${PODS_ROOT}/Target Support Files/Pods-ToDooey/Pods-ToDooey-frameworks-${CONFIGURATION}-input-files.xcfilelist",
			);
			name = "[CP] Embed Pods Frameworks";
			outputFileListPaths = (
				"${PODS_ROOT}/Target Support Files/Pods-ToDooey/Pods-ToDooey-frameworks-${CONFIGURATION}-output-files.xcfilelist",
			);
			runOnlyForDeploymentPostprocessing = 0;
			shellPath = /bin/sh;
			shellScript = "\"${PODS_ROOT}/Target Support Files/Pods-ToDooey/Pods-ToDooey-frameworks.sh\"\n";
			showEnvVarsInLog = 0;
		};
		823C054602FB59808266E6A6 /* [CP] Check Pods Manifest.lock */ = {
			isa = PBXShellScriptBuildPhase;
			buildActionMask = 2147483647;
			files = (
			);
			inputFileListPaths = (
			);
			inputPaths = (
				"${PODS_PODFILE_DIR_PATH}/Podfile.lock",
				"${PODS_ROOT}/Manifest.lock",
			);
			name = "[CP] Check Pods Manifest.lock";
			outputFileListPaths = (
			);
			outputPaths = (
				"$(DERIVED_FILE_DIR)/Pods-ToDooey-checkManifestLockResult.txt",
			);
			runOnlyForDeploymentPostprocessing = 0;
			shellPath = /bin/sh;
			shellScript = "diff \"${PODS_PODFILE_DIR_PATH}/Podfile.lock\" \"${PODS_ROOT}/Manifest.lock\" > /dev/null\nif [ $? != 0 ] ; then\n    # print error to STDERR\n    echo \"error: The sandbox is not in sync with the Podfile.lock. Run 'pod install' or update your CocoaPods installation.\" >&2\n    exit 1\nfi\n# This output is used by Xcode 'outputs' to avoid re-running this script phase.\necho \"SUCCESS\" > \"${SCRIPT_OUTPUT_FILE_0}\"\n";
			showEnvVarsInLog = 0;
		};
/* End PBXShellScriptBuildPhase section */

/* Begin PBXSourcesBuildPhase section */
		F42F5A962980135700B303D6 /* Sources */ = {
			isa = PBXSourcesBuildPhase;
			buildActionMask = 2147483647;
			files = (
				F42F5B17298169DF00B303D6 /* LoginAPIServices.swift in Sources */,
				F42F5B152981697800B303D6 /* LoginViewModel.swift in Sources */,
				F42F5AC629801BE300B303D6 /* MyView.swift in Sources */,
				F42F5ABD298016DA00B303D6 /* LoginViewController.swift in Sources */,
				F42F5B102981642400B303D6 /* UICreator.swift in Sources */,
				F42F5AA22980135700B303D6 /* ViewController.swift in Sources */,
				F42F5AD8298039DB00B303D6 /* TodoTableViewCell.swift in Sources */,
				F42F5A9E2980135700B303D6 /* AppDelegate.swift in Sources */,
				F42F5ACC298021FC00B303D6 /* MyTextField.swift in Sources */,
				F4C2A5B02981B1CD001A916A /* TodoViewModel.swift in Sources */,
				F42F5AC829801D7D00B303D6 /* MyViewController.swift in Sources */,
				F42F5AD3298038C400B303D6 /* HomeModels.swift in Sources */,
				F4C2A5AA2981A8EF001A916A /* DateExtensions.swift in Sources */,
				F42F5ACE2980280700B303D6 /* SignupViewController.swift in Sources */,
				F42F5B1B29816F7700B303D6 /* SignupAPIServices.swift in Sources */,
				F42F5AA02980135700B303D6 /* SceneDelegate.swift in Sources */,
				F4C2A5A82981A8E5001A916A /* StringExtensions.swift in Sources */,
				F42F5B1D29817C8E00B303D6 /* UIColorExtension.swift in Sources */,
				F42F5AE0298100CC00B303D6 /* MyCheckbox.swift in Sources */,
				F42F5ADB29803A1D00B303D6 /* MyTableCell.swift in Sources */,
				F42F5B1F2981859900B303D6 /* MyTextView.swift in Sources */,
				F42F5AB9298015DE00B303D6 /* SplashScreenViewController.swift in Sources */,
				F42F5ACA29801FB100B303D6 /* MyButton.swift in Sources */,
				F42F5ADE2980463D00B303D6 /* TodoViewController.swift in Sources */,
				F4C2A5AE2981AD50001A916A /* HomeAPIServices.swift in Sources */,
				F42F5B0B29813C1F00B303D6 /* FireDB.swift in Sources */,
				F42F5AA82980135700B303D6 /* ToDooey.xcdatamodeld in Sources */,
				F42F5AD12980336500B303D6 /* HomeViewController.swift in Sources */,
				F4C2A5B429824345001A916A /* Reachability.swift in Sources */,
				F42F5B0529811D4300B303D6 /* DB.swift in Sources */,
				F42F5B1929816F6000B303D6 /* SignupViewModel.swift in Sources */,
				F4C2A5B22981B1E0001A916A /* TodoAPIService.swift in Sources */,
				F42F5AC129801A9C00B303D6 /* UIViewControllerExtensions.swift in Sources */,
				F4C2A5AC2981AD35001A916A /* HomeViewModel.swift in Sources */,
				F42F5B0D298163E500B303D6 /* BlurredView.swift in Sources */,
			);
			runOnlyForDeploymentPostprocessing = 0;
		};
/* End PBXSourcesBuildPhase section */

/* Begin PBXVariantGroup section */
		F42F5AA32980135700B303D6 /* Main.storyboard */ = {
			isa = PBXVariantGroup;
			children = (
				F42F5AA42980135700B303D6 /* Base */,
			);
			name = Main.storyboard;
			sourceTree = "<group>";
		};
		F42F5AAB2980135A00B303D6 /* LaunchScreen.storyboard */ = {
			isa = PBXVariantGroup;
			children = (
				F42F5AAC2980135A00B303D6 /* Base */,
			);
			name = LaunchScreen.storyboard;
			sourceTree = "<group>";
		};
/* End PBXVariantGroup section */

/* Begin XCBuildConfiguration section */
		F42F5AAF2980135A00B303D6 /* Debug */ = {
			isa = XCBuildConfiguration;
			buildSettings = {
				ALWAYS_SEARCH_USER_PATHS = NO;
				CLANG_ANALYZER_NONNULL = YES;
				CLANG_ANALYZER_NUMBER_OBJECT_CONVERSION = YES_AGGRESSIVE;
				CLANG_CXX_LANGUAGE_STANDARD = "gnu++20";
				CLANG_ENABLE_MODULES = YES;
				CLANG_ENABLE_OBJC_ARC = YES;
				CLANG_ENABLE_OBJC_WEAK = YES;
				CLANG_WARN_BLOCK_CAPTURE_AUTORELEASING = YES;
				CLANG_WARN_BOOL_CONVERSION = YES;
				CLANG_WARN_COMMA = YES;
				CLANG_WARN_CONSTANT_CONVERSION = YES;
				CLANG_WARN_DEPRECATED_OBJC_IMPLEMENTATIONS = YES;
				CLANG_WARN_DIRECT_OBJC_ISA_USAGE = YES_ERROR;
				CLANG_WARN_DOCUMENTATION_COMMENTS = YES;
				CLANG_WARN_EMPTY_BODY = YES;
				CLANG_WARN_ENUM_CONVERSION = YES;
				CLANG_WARN_INFINITE_RECURSION = YES;
				CLANG_WARN_INT_CONVERSION = YES;
				CLANG_WARN_NON_LITERAL_NULL_CONVERSION = YES;
				CLANG_WARN_OBJC_IMPLICIT_RETAIN_SELF = YES;
				CLANG_WARN_OBJC_LITERAL_CONVERSION = YES;
				CLANG_WARN_OBJC_ROOT_CLASS = YES_ERROR;
				CLANG_WARN_QUOTED_INCLUDE_IN_FRAMEWORK_HEADER = YES;
				CLANG_WARN_RANGE_LOOP_ANALYSIS = YES;
				CLANG_WARN_STRICT_PROTOTYPES = YES;
				CLANG_WARN_SUSPICIOUS_MOVE = YES;
				CLANG_WARN_UNGUARDED_AVAILABILITY = YES_AGGRESSIVE;
				CLANG_WARN_UNREACHABLE_CODE = YES;
				CLANG_WARN__DUPLICATE_METHOD_MATCH = YES;
				COPY_PHASE_STRIP = NO;
				DEBUG_INFORMATION_FORMAT = dwarf;
				ENABLE_STRICT_OBJC_MSGSEND = YES;
				ENABLE_TESTABILITY = YES;
				GCC_C_LANGUAGE_STANDARD = gnu11;
				GCC_DYNAMIC_NO_PIC = NO;
				GCC_NO_COMMON_BLOCKS = YES;
				GCC_OPTIMIZATION_LEVEL = 0;
				GCC_PREPROCESSOR_DEFINITIONS = (
					"DEBUG=1",
					"$(inherited)",
				);
				GCC_WARN_64_TO_32_BIT_CONVERSION = YES;
				GCC_WARN_ABOUT_RETURN_TYPE = YES_ERROR;
				GCC_WARN_UNDECLARED_SELECTOR = YES;
				GCC_WARN_UNINITIALIZED_AUTOS = YES_AGGRESSIVE;
				GCC_WARN_UNUSED_FUNCTION = YES;
				GCC_WARN_UNUSED_VARIABLE = YES;
				IPHONEOS_DEPLOYMENT_TARGET = 16.2;
				MTL_ENABLE_DEBUG_INFO = INCLUDE_SOURCE;
				MTL_FAST_MATH = YES;
				ONLY_ACTIVE_ARCH = YES;
				SDKROOT = iphoneos;
				SWIFT_ACTIVE_COMPILATION_CONDITIONS = DEBUG;
				SWIFT_OPTIMIZATION_LEVEL = "-Onone";
			};
			name = Debug;
		};
		F42F5AB02980135A00B303D6 /* Release */ = {
			isa = XCBuildConfiguration;
			buildSettings = {
				ALWAYS_SEARCH_USER_PATHS = NO;
				CLANG_ANALYZER_NONNULL = YES;
				CLANG_ANALYZER_NUMBER_OBJECT_CONVERSION = YES_AGGRESSIVE;
				CLANG_CXX_LANGUAGE_STANDARD = "gnu++20";
				CLANG_ENABLE_MODULES = YES;
				CLANG_ENABLE_OBJC_ARC = YES;
				CLANG_ENABLE_OBJC_WEAK = YES;
				CLANG_WARN_BLOCK_CAPTURE_AUTORELEASING = YES;
				CLANG_WARN_BOOL_CONVERSION = YES;
				CLANG_WARN_COMMA = YES;
				CLANG_WARN_CONSTANT_CONVERSION = YES;
				CLANG_WARN_DEPRECATED_OBJC_IMPLEMENTATIONS = YES;
				CLANG_WARN_DIRECT_OBJC_ISA_USAGE = YES_ERROR;
				CLANG_WARN_DOCUMENTATION_COMMENTS = YES;
				CLANG_WARN_EMPTY_BODY = YES;
				CLANG_WARN_ENUM_CONVERSION = YES;
				CLANG_WARN_INFINITE_RECURSION = YES;
				CLANG_WARN_INT_CONVERSION = YES;
				CLANG_WARN_NON_LITERAL_NULL_CONVERSION = YES;
				CLANG_WARN_OBJC_IMPLICIT_RETAIN_SELF = YES;
				CLANG_WARN_OBJC_LITERAL_CONVERSION = YES;
				CLANG_WARN_OBJC_ROOT_CLASS = YES_ERROR;
				CLANG_WARN_QUOTED_INCLUDE_IN_FRAMEWORK_HEADER = YES;
				CLANG_WARN_RANGE_LOOP_ANALYSIS = YES;
				CLANG_WARN_STRICT_PROTOTYPES = YES;
				CLANG_WARN_SUSPICIOUS_MOVE = YES;
				CLANG_WARN_UNGUARDED_AVAILABILITY = YES_AGGRESSIVE;
				CLANG_WARN_UNREACHABLE_CODE = YES;
				CLANG_WARN__DUPLICATE_METHOD_MATCH = YES;
				COPY_PHASE_STRIP = NO;
				DEBUG_INFORMATION_FORMAT = "dwarf-with-dsym";
				ENABLE_NS_ASSERTIONS = NO;
				ENABLE_STRICT_OBJC_MSGSEND = YES;
				GCC_C_LANGUAGE_STANDARD = gnu11;
				GCC_NO_COMMON_BLOCKS = YES;
				GCC_WARN_64_TO_32_BIT_CONVERSION = YES;
				GCC_WARN_ABOUT_RETURN_TYPE = YES_ERROR;
				GCC_WARN_UNDECLARED_SELECTOR = YES;
				GCC_WARN_UNINITIALIZED_AUTOS = YES_AGGRESSIVE;
				GCC_WARN_UNUSED_FUNCTION = YES;
				GCC_WARN_UNUSED_VARIABLE = YES;
				IPHONEOS_DEPLOYMENT_TARGET = 16.2;
				MTL_ENABLE_DEBUG_INFO = NO;
				MTL_FAST_MATH = YES;
				SDKROOT = iphoneos;
				SWIFT_COMPILATION_MODE = wholemodule;
				SWIFT_OPTIMIZATION_LEVEL = "-O";
				VALIDATE_PRODUCT = YES;
			};
			name = Release;
		};
		F42F5AB22980135A00B303D6 /* Debug */ = {
			isa = XCBuildConfiguration;
			baseConfigurationReference = C5BDD318B881ECE4373CC5E8 /* Pods-ToDooey.debug.xcconfig */;
			buildSettings = {
				ASSETCATALOG_COMPILER_APPICON_NAME = AppIcon;
				ASSETCATALOG_COMPILER_GLOBAL_ACCENT_COLOR_NAME = AccentColor;
				CODE_SIGN_STYLE = Automatic;
				CURRENT_PROJECT_VERSION = 1;
				GENERATE_INFOPLIST_FILE = YES;
				INFOPLIST_FILE = ToDooey/Info.plist;
				INFOPLIST_KEY_CFBundleDisplayName = Todooey;
				INFOPLIST_KEY_LSApplicationCategoryType = "public.app-category.productivity";
				INFOPLIST_KEY_UIApplicationSupportsIndirectInputEvents = YES;
				INFOPLIST_KEY_UILaunchStoryboardName = LaunchScreen;
				INFOPLIST_KEY_UIMainStoryboardFile = Main;
				INFOPLIST_KEY_UISupportedInterfaceOrientations = UIInterfaceOrientationPortrait;
				IPHONEOS_DEPLOYMENT_TARGET = 13.4;
				LD_RUNPATH_SEARCH_PATHS = (
					"$(inherited)",
					"@executable_path/Frameworks",
				);
				MARKETING_VERSION = 1.0;
				PRODUCT_BUNDLE_IDENTIFIER = com.moha.todooey;
				PRODUCT_NAME = "$(TARGET_NAME)";
				SWIFT_EMIT_LOC_STRINGS = YES;
				SWIFT_VERSION = 5.0;
				TARGETED_DEVICE_FAMILY = "1,2";
			};
			name = Debug;
		};
		F42F5AB32980135A00B303D6 /* Release */ = {
			isa = XCBuildConfiguration;
			baseConfigurationReference = 38356466A4E73E5F17353E4C /* Pods-ToDooey.release.xcconfig */;
			buildSettings = {
				ASSETCATALOG_COMPILER_APPICON_NAME = AppIcon;
				ASSETCATALOG_COMPILER_GLOBAL_ACCENT_COLOR_NAME = AccentColor;
				CODE_SIGN_STYLE = Automatic;
				CURRENT_PROJECT_VERSION = 1;
				GENERATE_INFOPLIST_FILE = YES;
				INFOPLIST_FILE = ToDooey/Info.plist;
				INFOPLIST_KEY_CFBundleDisplayName = Todooey;
				INFOPLIST_KEY_LSApplicationCategoryType = "public.app-category.productivity";
				INFOPLIST_KEY_UIApplicationSupportsIndirectInputEvents = YES;
				INFOPLIST_KEY_UILaunchStoryboardName = LaunchScreen;
				INFOPLIST_KEY_UIMainStoryboardFile = Main;
				INFOPLIST_KEY_UISupportedInterfaceOrientations = UIInterfaceOrientationPortrait;
				IPHONEOS_DEPLOYMENT_TARGET = 13.4;
				LD_RUNPATH_SEARCH_PATHS = (
					"$(inherited)",
					"@executable_path/Frameworks",
				);
				MARKETING_VERSION = 1.0;
				PRODUCT_BUNDLE_IDENTIFIER = com.moha.todooey;
				PRODUCT_NAME = "$(TARGET_NAME)";
				SWIFT_EMIT_LOC_STRINGS = YES;
				SWIFT_VERSION = 5.0;
				TARGETED_DEVICE_FAMILY = "1,2";
			};
			name = Release;
		};
/* End XCBuildConfiguration section */

/* Begin XCConfigurationList section */
		F42F5A952980135700B303D6 /* Build configuration list for PBXProject "ToDooey" */ = {
			isa = XCConfigurationList;
			buildConfigurations = (
				F42F5AAF2980135A00B303D6 /* Debug */,
				F42F5AB02980135A00B303D6 /* Release */,
			);
			defaultConfigurationIsVisible = 0;
			defaultConfigurationName = Release;
		};
		F42F5AB12980135A00B303D6 /* Build configuration list for PBXNativeTarget "ToDooey" */ = {
			isa = XCConfigurationList;
			buildConfigurations = (
				F42F5AB22980135A00B303D6 /* Debug */,
				F42F5AB32980135A00B303D6 /* Release */,
			);
			defaultConfigurationIsVisible = 0;
			defaultConfigurationName = Release;
		};
/* End XCConfigurationList section */

/* Begin XCVersionGroup section */
		F42F5AA62980135700B303D6 /* ToDooey.xcdatamodeld */ = {
			isa = XCVersionGroup;
			children = (
				F42F5AA72980135700B303D6 /* ToDooey.xcdatamodel */,
			);
			currentVersion = F42F5AA72980135700B303D6 /* ToDooey.xcdatamodel */;
			path = ToDooey.xcdatamodeld;
			sourceTree = "<group>";
			versionGroupType = wrapper.xcdatamodel;
		};
/* End XCVersionGroup section */
	};
	rootObject = F42F5A922980135700B303D6 /* Project object */;
}
